
Microsoft Visual Studio Solution File, Format Version 12.00
# Visual Studio Version 16
VisualStudioVersion = 16.0.30804.86
MinimumVisualStudioVersion = 10.0.40219.1
Project("{FAE04EC0-301F-11D3-BF4B-00C04F79EFBC}") = "Labb3", "Labb3.csproj", "{B3AB3353-E512-4F4D-A126-F6C501812CFA}"
EndProject
Global
	GlobalSection(SolutionConfigurationPlatforms) = preSolution
		Debug|Any CPU = Debug|Any CPU
		Release|Any CPU = Release|Any CPU
	EndGlobalSection
	GlobalSection(ProjectConfigurationPlatforms) = postSolution
		{B3AB3353-E512-4F4D-A126-F6C501812CFA}.Debug|Any CPU.ActiveCfg = Debug|Any CPU
		{B3AB3353-E512-4F4D-A126-F6C501812CFA}.Debug|Any CPU.Build.0 = Debug|Any CPU
		{B3AB3353-E512-4F4D-A126-F6C501812CFA}.Release|Any CPU.ActiveCfg = Release|Any CPU
		{B3AB3353-E512-4F4D-A126-F6C501812CFA}.Release|Any CPU.Build.0 = Release|Any CPU
	EndGlobalSection
	GlobalSection(SolutionProperties) = preSolution
		HideSolutionNode = FALSE
	EndGlobalSection
	GlobalSection(ExtensibilityGlobals) = postSolution
		SolutionGuid = {EAFB0520-312E-445B-A0D7-9BDD46BB5372}
	EndGlobalSection
EndGlobal
